
Microsoft Visual Studio Solution File, Format Version 12.00
# Visual Studio Version 16
VisualStudioVersion = 16.0.29709.97
MinimumVisualStudioVersion = 10.0.40219.1
Project("{FAE04EC0-301F-11D3-BF4B-00C04F79EFBC}") = "Cadiente_Bell", "301098663(cadiente)_Test1\Cadiente_Bell.csproj", "{85BC1420-1247-476A-B2E9-DC2E0E15E2BE}"
EndProject
Global
	GlobalSection(SolutionConfigurationPlatforms) = preSolution
		Debug|Any CPU = Debug|Any CPU
		Release|Any CPU = Release|Any CPU
	EndGlobalSection
	GlobalSection(ProjectConfigurationPlatforms) = postSolution
		{85BC1420-1247-476A-B2E9-DC2E0E15E2BE}.Debug|Any CPU.ActiveCfg = Debug|Any CPU
		{85BC1420-1247-476A-B2E9-DC2E0E15E2BE}.Debug|Any CPU.Build.0 = Debug|Any CPU
		{85BC1420-1247-476A-B2E9-DC2E0E15E2BE}.Release|Any CPU.ActiveCfg = Release|Any CPU
		{85BC1420-1247-476A-B2E9-DC2E0E15E2BE}.Release|Any CPU.Build.0 = Release|Any CPU
	EndGlobalSection
	GlobalSection(SolutionProperties) = preSolution
		HideSolutionNode = FALSE
	EndGlobalSection
	GlobalSection(ExtensibilityGlobals) = postSolution
		SolutionGuid = {C9F12EF7-F1D1-46D0-B22B-829CC33B4B60}
	EndGlobalSection
EndGlobal
